// !$*UTF8*$!
{
	archiveVersion = 1;
	classes = {
	};
	objectVersion = 56;
	objects = {

/* Begin PBXBuildFile section */
		191A1713ECCCA849FBDD9517 /* LifeTimerWidgetBundle.swift in Sources */ = {isa = PBXBuildFile; fileRef = A00D4A38E792913353DA09F0 /* LifeTimerWidgetBundle.swift */; };
		1ED5A5904006E795D9E5A111 /* SwiftUI.framework in Frameworks */ = {isa = PBXBuildFile; fileRef = 83AF37165A8A124893769A65 /* SwiftUI.framework */; };
		2AACEEB0C2F781E1D7477159 /* Assets.xcassets in Resources */ = {isa = PBXBuildFile; fileRef = A73062FDC2D11CC879A89964 /* Assets.xcassets */; };
		6387747312FE407314D60215 /* LifeTimerWidget.appex in Embed Foundation Extensions */ = {isa = PBXBuildFile; fileRef = 18918180C3E8B4B407CCF5C6 /* LifeTimerWidget.appex */; settings = {ATTRIBUTES = (RemoveHeadersOnCopy, ); }; };
		823D03ADE91185021655D367 /* WidgetKit.framework in Frameworks */ = {isa = PBXBuildFile; fileRef = AEFB757A68074BF8452BB43F /* WidgetKit.framework */; };
		9A9B9BFA50392DA2EFD7A4DE /* Foundation.framework in Frameworks */ = {isa = PBXBuildFile; fileRef = 7D9E914938BBDC31BD5DCEE0 /* Foundation.framework */; };
		AA000000000000000000001B /* LifeTimerApp.swift in Sources */ = {isa = PBXBuildFile; fileRef = AA000000000000000000001A /* LifeTimerApp.swift */; };
		AA000000000000000000001D /* ContentView.swift in Sources */ = {isa = PBXBuildFile; fileRef = AA000000000000000000001C /* ContentView.swift */; };
		AA000000000000000000001F /* FamilyMember.swift in Sources */ = {isa = PBXBuildFile; fileRef = AA000000000000000000001E /* FamilyMember.swift */; };
		AA0000000000000000000021 /* FamilyStore.swift in Sources */ = {isa = PBXBuildFile; fileRef = AA0000000000000000000020 /* FamilyStore.swift */; };
		AA0000000000000000000023 /* HomeView.swift in Sources */ = {isa = PBXBuildFile; fileRef = AA0000000000000000000022 /* HomeView.swift */; };
		AA0000000000000000000025 /* FamilyMemberCard.swift in Sources */ = {isa = PBXBuildFile; fileRef = AA0000000000000000000024 /* FamilyMemberCard.swift */; };
		AA0000000000000000000027 /* FamilyMemberDetailView.swift in Sources */ = {isa = PBXBuildFile; fileRef = AA0000000000000000000026 /* FamilyMemberDetailView.swift */; };
		AA0000000000000000000029 /* AddFamilyMemberView.swift in Sources */ = {isa = PBXBuildFile; fileRef = AA0000000000000000000028 /* AddFamilyMemberView.swift */; };
		AA000000000000000000002B /* Assets.xcassets in Resources */ = {isa = PBXBuildFile; fileRef = AA000000000000000000002A /* Assets.xcassets */; };
		AA000000000000000000002D /* Preview Assets.xcassets in Resources */ = {isa = PBXBuildFile; fileRef = AA000000000000000000002C /* Preview Assets.xcassets */; };
		AA0000000000000000000051 /* LifeInWeeksView.swift in Sources */ = {isa = PBXBuildFile; fileRef = AA0000000000000000000050 /* LifeInWeeksView.swift */; };
		E21B1B66BF2B79D031E01185 /* FamilyMember.swift in Sources */ = {isa = PBXBuildFile; fileRef = AA000000000000000000001E /* FamilyMember.swift */; };
		E8382CE278753270CEF29A8B /* LifeTimerWidget.swift in Sources */ = {isa = PBXBuildFile; fileRef = CB618BF1D09DD2A3BFBC8989 /* LifeTimerWidget.swift */; };
/* End PBXBuildFile section */

/* Begin PBXContainerItemProxy section */
		5DCCD30F5341E0298F69ABD2 /* PBXContainerItemProxy */ = {
			isa = PBXContainerItemProxy;
			containerPortal = AA0000000000000000000001 /* Project object */;
			proxyType = 1;
			remoteGlobalIDString = 2EA0046A3AF876C5B5DC2C8E;
			remoteInfo = LifeTimerWidget;
		};
/* End PBXContainerItemProxy section */

/* Begin PBXCopyFilesBuildPhase section */
		78BDE0537CD40697ED82039B /* Embed Foundation Extensions */ = {
			isa = PBXCopyFilesBuildPhase;
			buildActionMask = 2147483647;
			dstPath = "";
			dstSubfolderSpec = 13;
			files = (
				6387747312FE407314D60215 /* LifeTimerWidget.appex in Embed Foundation Extensions */,
			);
			name = "Embed Foundation Extensions";
			runOnlyForDeploymentPostprocessing = 0;
		};
/* End PBXCopyFilesBuildPhase section */

/* Begin PBXFileReference section */
		18918180C3E8B4B407CCF5C6 /* LifeTimerWidget.appex */ = {isa = PBXFileReference; explicitFileType = "wrapper.app-extension"; includeInIndex = 0; path = LifeTimerWidget.appex; sourceTree = BUILT_PRODUCTS_DIR; };
		2BEDA40C01B5832254F59F86 /* LifeTimerWidget.entitlements */ = {isa = PBXFileReference; includeInIndex = 1; lastKnownFileType = text.plist.entitlements; path = LifeTimerWidget.entitlements; sourceTree = "<group>"; };
		2EC6F01A8AAA25CCFCADC51D /* Info.plist */ = {isa = PBXFileReference; includeInIndex = 1; lastKnownFileType = text.plist.xml; path = Info.plist; sourceTree = "<group>"; };
		7D9E914938BBDC31BD5DCEE0 /* Foundation.framework */ = {isa = PBXFileReference; lastKnownFileType = wrapper.framework; name = Foundation.framework; path = Platforms/iPhoneOS.platform/Developer/SDKs/iPhoneOS18.0.sdk/System/Library/Frameworks/Foundation.framework; sourceTree = DEVELOPER_DIR; };
		83AF37165A8A124893769A65 /* SwiftUI.framework */ = {isa = PBXFileReference; lastKnownFileType = wrapper.framework; name = SwiftUI.framework; path = System/Library/Frameworks/SwiftUI.framework; sourceTree = SDKROOT; };
		A00D4A38E792913353DA09F0 /* LifeTimerWidgetBundle.swift */ = {isa = PBXFileReference; includeInIndex = 1; lastKnownFileType = sourcecode.swift; path = LifeTimerWidgetBundle.swift; sourceTree = "<group>"; };
		A73062FDC2D11CC879A89964 /* Assets.xcassets */ = {isa = PBXFileReference; includeInIndex = 1; lastKnownFileType = folder.assetcatalog; path = Assets.xcassets; sourceTree = "<group>"; };
		AA0000000000000000000010 /* LifeTimer.app */ = {isa = PBXFileReference; explicitFileType = wrapper.application; includeInIndex = 0; path = LifeTimer.app; sourceTree = BUILT_PRODUCTS_DIR; };
		AA000000000000000000001A /* LifeTimerApp.swift */ = {isa = PBXFileReference; lastKnownFileType = sourcecode.swift; path = LifeTimerApp.swift; sourceTree = "<group>"; };
		AA000000000000000000001C /* ContentView.swift */ = {isa = PBXFileReference; lastKnownFileType = sourcecode.swift; path = ContentView.swift; sourceTree = "<group>"; };
		AA000000000000000000001E /* FamilyMember.swift */ = {isa = PBXFileReference; lastKnownFileType = sourcecode.swift; path = FamilyMember.swift; sourceTree = "<group>"; };
		AA0000000000000000000020 /* FamilyStore.swift */ = {isa = PBXFileReference; lastKnownFileType = sourcecode.swift; path = FamilyStore.swift; sourceTree = "<group>"; };
		AA0000000000000000000022 /* HomeView.swift */ = {isa = PBXFileReference; lastKnownFileType = sourcecode.swift; path = HomeView.swift; sourceTree = "<group>"; };
		AA0000000000000000000024 /* FamilyMemberCard.swift */ = {isa = PBXFileReference; lastKnownFileType = sourcecode.swift; path = FamilyMemberCard.swift; sourceTree = "<group>"; };
		AA0000000000000000000026 /* FamilyMemberDetailView.swift */ = {isa = PBXFileReference; lastKnownFileType = sourcecode.swift; path = FamilyMemberDetailView.swift; sourceTree = "<group>"; };
		AA0000000000000000000028 /* AddFamilyMemberView.swift */ = {isa = PBXFileReference; lastKnownFileType = sourcecode.swift; path = AddFamilyMemberView.swift; sourceTree = "<group>"; };
		AA000000000000000000002A /* Assets.xcassets */ = {isa = PBXFileReference; lastKnownFileType = folder.assetcatalog; path = Assets.xcassets; sourceTree = "<group>"; };
		AA000000000000000000002C /* Preview Assets.xcassets */ = {isa = PBXFileReference; lastKnownFileType = folder.assetcatalog; path = "Preview Assets.xcassets"; sourceTree = "<group>"; };
		AA0000000000000000000050 /* LifeInWeeksView.swift */ = {isa = PBXFileReference; lastKnownFileType = sourcecode.swift; path = LifeInWeeksView.swift; sourceTree = "<group>"; };
		AEFB757A68074BF8452BB43F /* WidgetKit.framework */ = {isa = PBXFileReference; lastKnownFileType = wrapper.framework; name = WidgetKit.framework; path = System/Library/Frameworks/WidgetKit.framework; sourceTree = SDKROOT; };
		CB618BF1D09DD2A3BFBC8989 /* LifeTimerWidget.swift */ = {isa = PBXFileReference; includeInIndex = 1; lastKnownFileType = sourcecode.swift; path = LifeTimerWidget.swift; sourceTree = "<group>"; };
/* End PBXFileReference section */

/* Begin PBXFrameworksBuildPhase section */
		390D21A1B966022A402A2F44 /* Frameworks */ = {
			isa = PBXFrameworksBuildPhase;
			buildActionMask = 2147483647;
			files = (
				9A9B9BFA50392DA2EFD7A4DE /* Foundation.framework in Frameworks */,
				823D03ADE91185021655D367 /* WidgetKit.framework in Frameworks */,
				1ED5A5904006E795D9E5A111 /* SwiftUI.framework in Frameworks */,
			);
			runOnlyForDeploymentPostprocessing = 0;
		};
		AA0000000000000000000032 /* Frameworks */ = {
			isa = PBXFrameworksBuildPhase;
			buildActionMask = 2147483647;
			files = (
			);
			runOnlyForDeploymentPostprocessing = 0;
		};
/* End PBXFrameworksBuildPhase section */

/* Begin PBXGroup section */
		005C3F7B5252F7FF287C7AF5 /* Frameworks */ = {
			isa = PBXGroup;
			children = (
				C42942253E0368847BAED9C9 /* iOS */,
				AEFB757A68074BF8452BB43F /* WidgetKit.framework */,
				83AF37165A8A124893769A65 /* SwiftUI.framework */,
			);
			name = Frameworks;
			sourceTree = "<group>";
		};
		4D922AC6CC1E0CC057C1F19B /* LifeTimerWidget */ = {
			isa = PBXGroup;
			children = (
				A00D4A38E792913353DA09F0 /* LifeTimerWidgetBundle.swift */,
				CB618BF1D09DD2A3BFBC8989 /* LifeTimerWidget.swift */,
				A73062FDC2D11CC879A89964 /* Assets.xcassets */,
				2BEDA40C01B5832254F59F86 /* LifeTimerWidget.entitlements */,
				2EC6F01A8AAA25CCFCADC51D /* Info.plist */,
			);
			name = LifeTimerWidget;
			path = LifeTimerWidget;
			sourceTree = "<group>";
		};
		AA0000000000000000000003 = {
			isa = PBXGroup;
			children = (
				AA0000000000000000000005 /* LifeTimer */,
				AA0000000000000000000004 /* Products */,
				005C3F7B5252F7FF287C7AF5 /* Frameworks */,
				4D922AC6CC1E0CC057C1F19B /* LifeTimerWidget */,
			);
			sourceTree = "<group>";
		};
		AA0000000000000000000004 /* Products */ = {
			isa = PBXGroup;
			children = (
				AA0000000000000000000010 /* LifeTimer.app */,
				18918180C3E8B4B407CCF5C6 /* LifeTimerWidget.appex */,
			);
			name = Products;
			sourceTree = "<group>";
		};
		AA0000000000000000000005 /* LifeTimer */ = {
			isa = PBXGroup;
			children = (
				AA000000000000000000001A /* LifeTimerApp.swift */,
				AA000000000000000000001C /* ContentView.swift */,
				AA0000000000000000000006 /* Models */,
				AA0000000000000000000007 /* ViewModels */,
				AA0000000000000000000008 /* Views */,
				AA000000000000000000002A /* Assets.xcassets */,
				AA0000000000000000000009 /* Preview Content */,
			);
			path = LifeTimer;
			sourceTree = "<group>";
		};
		AA0000000000000000000006 /* Models */ = {
			isa = PBXGroup;
			children = (
				AA000000000000000000001E /* FamilyMember.swift */,
			);
			path = Models;
			sourceTree = "<group>";
		};
		AA0000000000000000000007 /* ViewModels */ = {
			isa = PBXGroup;
			children = (
				AA0000000000000000000020 /* FamilyStore.swift */,
			);
			path = ViewModels;
			sourceTree = "<group>";
		};
		AA0000000000000000000008 /* Views */ = {
			isa = PBXGroup;
			children = (
				AA0000000000000000000022 /* HomeView.swift */,
				AA0000000000000000000024 /* FamilyMemberCard.swift */,
				AA0000000000000000000026 /* FamilyMemberDetailView.swift */,
				AA0000000000000000000028 /* AddFamilyMemberView.swift */,
				AA0000000000000000000050 /* LifeInWeeksView.swift */,
			);
			path = Views;
			sourceTree = "<group>";
		};
		AA0000000000000000000009 /* Preview Content */ = {
			isa = PBXGroup;
			children = (
				AA000000000000000000002C /* Preview Assets.xcassets */,
			);
			path = "Preview Content";
			sourceTree = "<group>";
		};
		C42942253E0368847BAED9C9 /* iOS */ = {
			isa = PBXGroup;
			children = (
				7D9E914938BBDC31BD5DCEE0 /* Foundation.framework */,
			);
			name = iOS;
			sourceTree = "<group>";
		};
/* End PBXGroup section */

/* Begin PBXNativeTarget section */
		2EA0046A3AF876C5B5DC2C8E /* LifeTimerWidget */ = {
			isa = PBXNativeTarget;
			buildConfigurationList = 1AD327DD7D3CCC4F2794142F /* Build configuration list for PBXNativeTarget "LifeTimerWidget" */;
			buildPhases = (
				743DE9A6673950D4034B85F5 /* Sources */,
				390D21A1B966022A402A2F44 /* Frameworks */,
				F6B164839A427AC56FD9229E /* Resources */,
			);
			buildRules = (
			);
			dependencies = (
			);
			name = LifeTimerWidget;
			productName = LifeTimerWidget;
			productReference = 18918180C3E8B4B407CCF5C6 /* LifeTimerWidget.appex */;
			productType = "com.apple.product-type.app-extension";
		};
		AA0000000000000000000002 /* LifeTimer */ = {
			isa = PBXNativeTarget;
			buildConfigurationList = AA0000000000000000000045 /* Build configuration list for PBXNativeTarget "LifeTimer" */;
			buildPhases = (
				AA0000000000000000000030 /* Sources */,
				AA0000000000000000000031 /* Resources */,
				AA0000000000000000000032 /* Frameworks */,
				78BDE0537CD40697ED82039B /* Embed Foundation Extensions */,
			);
			buildRules = (
			);
			dependencies = (
				C0ECD55590711C8381E5A5E8 /* PBXTargetDependency */,
			);
			name = LifeTimer;
			productName = LifeTimer;
			productReference = AA0000000000000000000010 /* LifeTimer.app */;
			productType = "com.apple.product-type.application";
		};
/* End PBXNativeTarget section */

/* Begin PBXProject section */
		AA0000000000000000000001 /* Project object */ = {
			isa = PBXProject;
			attributes = {
				BuildIndependentTargetsInParallel = 1;
				LastSwiftUpdateCheck = 1500;
				LastUpgradeCheck = 1500;
				TargetAttributes = {
					AA0000000000000000000002 = {
						CreatedOnToolsVersion = 15.0;
					};
				};
			};
			buildConfigurationList = AA0000000000000000000044 /* Build configuration list for PBXProject "LifeTimer" */;
			compatibilityVersion = "Xcode 14.0";
			developmentRegion = en;
			hasScannedForEncodings = 0;
			knownRegions = (
				en,
				Base,
			);
			mainGroup = AA0000000000000000000003;
			productRefGroup = AA0000000000000000000004 /* Products */;
			projectDirPath = "";
			projectRoot = "";
			targets = (
				AA0000000000000000000002 /* LifeTimer */,
				2EA0046A3AF876C5B5DC2C8E /* LifeTimerWidget */,
			);
		};
/* End PBXProject section */

/* Begin PBXResourcesBuildPhase section */
		AA0000000000000000000031 /* Resources */ = {
			isa = PBXResourcesBuildPhase;
			buildActionMask = 2147483647;
			files = (
				AA000000000000000000002D /* Preview Assets.xcassets in Resources */,
				AA000000000000000000002B /* Assets.xcassets in Resources */,
			);
			runOnlyForDeploymentPostprocessing = 0;
		};
		F6B164839A427AC56FD9229E /* Resources */ = {
			isa = PBXResourcesBuildPhase;
			buildActionMask = 2147483647;
			files = (
				2AACEEB0C2F781E1D7477159 /* Assets.xcassets in Resources */,
			);
			runOnlyForDeploymentPostprocessing = 0;
		};
/* End PBXResourcesBuildPhase section */

/* Begin PBXSourcesBuildPhase section */
		743DE9A6673950D4034B85F5 /* Sources */ = {
			isa = PBXSourcesBuildPhase;
			buildActionMask = 2147483647;
			files = (
				191A1713ECCCA849FBDD9517 /* LifeTimerWidgetBundle.swift in Sources */,
				E8382CE278753270CEF29A8B /* LifeTimerWidget.swift in Sources */,
				E21B1B66BF2B79D031E01185 /* FamilyMember.swift in Sources */,
			);
			runOnlyForDeploymentPostprocessing = 0;
		};
		AA0000000000000000000030 /* Sources */ = {
			isa = PBXSourcesBuildPhase;
			buildActionMask = 2147483647;
			files = (
				AA000000000000000000001B /* LifeTimerApp.swift in Sources */,
				AA000000000000000000001D /* ContentView.swift in Sources */,
				AA000000000000000000001F /* FamilyMember.swift in Sources */,
				AA0000000000000000000021 /* FamilyStore.swift in Sources */,
				AA0000000000000000000023 /* HomeView.swift in Sources */,
				AA0000000000000000000025 /* FamilyMemberCard.swift in Sources */,
				AA0000000000000000000027 /* FamilyMemberDetailView.swift in Sources */,
				AA0000000000000000000029 /* AddFamilyMemberView.swift in Sources */,
				AA0000000000000000000051 /* LifeInWeeksView.swift in Sources */,
			);
			runOnlyForDeploymentPostprocessing = 0;
		};
/* End PBXSourcesBuildPhase section */

/* Begin PBXTargetDependency section */
		C0ECD55590711C8381E5A5E8 /* PBXTargetDependency */ = {
			isa = PBXTargetDependency;
			name = LifeTimerWidget;
			target = 2EA0046A3AF876C5B5DC2C8E /* LifeTimerWidget */;
			targetProxy = 5DCCD30F5341E0298F69ABD2 /* PBXContainerItemProxy */;
		};
/* End PBXTargetDependency section */

/* Begin XCBuildConfiguration section */
		766E23262F57DECE593BF984 /* Debug */ = {
			isa = XCBuildConfiguration;
			buildSettings = {
				ASSETCATALOG_COMPILER_GLOBAL_ACCENT_COLOR_NAME = AccentColor;
				CODE_SIGN_ENTITLEMENTS = LifeTimerWidget/LifeTimerWidget.entitlements;
				CODE_SIGN_STYLE = Automatic;
				CURRENT_PROJECT_VERSION = 1;
				GENERATE_INFOPLIST_FILE = NO;
				INFOPLIST_FILE = LifeTimerWidget/Info.plist;
				IPHONEOS_DEPLOYMENT_TARGET = 16.0;
				LD_RUNPATH_SEARCH_PATHS = (
					"$(inherited)",
					"@executable_path/../../Frameworks",
					"@executable_path/Frameworks",
				);
				MARKETING_VERSION = 1.0;
				PRODUCT_BUNDLE_IDENTIFIER = com.stageX.balance.widget;
				PRODUCT_NAME = "$(TARGET_NAME)";
				SDKROOT = iphoneos;
				SWIFT_EMIT_LOC_STRINGS = YES;
				SWIFT_VERSION = 5.0;
				TARGETED_DEVICE_FAMILY = "1,2";
			};
			name = Debug;
		};
		AA0000000000000000000040 /* Debug */ = {
			isa = XCBuildConfiguration;
			buildSettings = {
				ALWAYS_SEARCH_USER_PATHS = NO;
				ASSETCATALOG_COMPILER_GENERATE_SWIFT_ASSET_SYMBOL_EXTENSIONS = YES;
				CLANG_ANALYZER_NONNULL = YES;
				CLANG_ANALYZER_NUMBER_OBJECT_CONVERSION = YES_AGGRESSIVE;
				CLANG_CXX_LANGUAGE_STANDARD = "gnu++20";
				CLANG_ENABLE_MODULES = YES;
				CLANG_ENABLE_OBJC_ARC = YES;
				CLANG_ENABLE_OBJC_WEAK = YES;
				CLANG_WARN_BLOCK_CAPTURE_AUTORELEASING = YES;
				CLANG_WARN_BOOL_CONVERSION = YES;
				CLANG_WARN_COMMA = YES;
				CLANG_WARN_CONSTANT_CONVERSION = YES;
				CLANG_WARN_DEPRECATED_OBJC_IMPLEMENTATIONS = YES;
				CLANG_WARN_DIRECT_OBJC_ISA_USAGE = YES_ERROR;
				CLANG_WARN_DOCUMENTATION_COMMENTS = YES;
				CLANG_WARN_EMPTY_BODY = YES;
				CLANG_WARN_ENUM_CONVERSION = YES;
				CLANG_WARN_INFINITE_RECURSION = YES;
				CLANG_WARN_INT_CONVERSION = YES;
				CLANG_WARN_NON_LITERAL_NULL_CONVERSION = YES;
				CLANG_WARN_OBJC_IMPLICIT_RETAIN_CYCLE = YES;
				CLANG_WARN_OBJC_LITERAL_CONVERSION = YES;
				CLANG_WARN_OBJC_ROOT_CLASS = YES_ERROR;
				CLANG_WARN_QUOTED_INCLUDE_IN_FRAMEWORK_HEADER = YES;
				CLANG_WARN_RANGE_LOOP_ANALYSIS = YES;
				CLANG_WARN_STRICT_PROTOTYPES = YES;
				CLANG_WARN_SUSPICIOUS_MOVE = YES;
				CLANG_WARN_UNGUARDED_AVAILABILITY = YES_AGGRESSIVE;
				CLANG_WARN_UNREACHABLE_CODE = YES;
				CLANG_WARN__DUPLICATE_METHOD_MATCH = YES;
				COPY_PHASE_STRIP = NO;
				DEBUG_INFORMATION_FORMAT = dwarf;
				ENABLE_STRICT_OBJC_MSGSEND = YES;
				ENABLE_TESTABILITY = YES;
				ENABLE_USER_SCRIPT_SANDBOXING = YES;
				GCC_C_LANGUAGE_STANDARD = gnu17;
				GCC_DYNAMIC_NO_PIC = NO;
				GCC_NO_COMMON_BLOCKS = YES;
				GCC_OPTIMIZATION_LEVEL = 0;
				GCC_PREPROCESSOR_DEFINITIONS = (
					"DEBUG=1",
					"$(inherited)",
				);
				GCC_WARN_64_TO_32_BIT_CONVERSION = YES;
				GCC_WARN_ABOUT_RETURN_TYPE = YES_ERROR;
				GCC_WARN_UNDECLARED_SELECTOR = YES;
				GCC_WARN_UNINITIALIZED_AUTOS = YES_AGGRESSIVE;
				GCC_WARN_UNUSED_FUNCTION = YES;
				GCC_WARN_UNUSED_VARIABLE = YES;
				IPHONEOS_DEPLOYMENT_TARGET = 16.0;
				MTL_ENABLE_DEBUG_INFO = INCLUDE_SOURCE;
				MTL_FAST_MATH = YES;
				ONLY_ACTIVE_ARCH = YES;
				SDKROOT = iphoneos;
				SWIFT_ACTIVE_COMPILATION_CONDITIONS = "DEBUG $(inherited)";
				SWIFT_OPTIMIZATION_LEVEL = "-Onone";
			};
			name = Debug;
		};
		AA0000000000000000000041 /* Release */ = {
			isa = XCBuildConfiguration;
			buildSettings = {
				ALWAYS_SEARCH_USER_PATHS = NO;
				ASSETCATALOG_COMPILER_GENERATE_SWIFT_ASSET_SYMBOL_EXTENSIONS = YES;
				CLANG_ANALYZER_NONNULL = YES;
				CLANG_ANALYZER_NUMBER_OBJECT_CONVERSION = YES_AGGRESSIVE;
				CLANG_CXX_LANGUAGE_STANDARD = "gnu++20";
				CLANG_ENABLE_MODULES = YES;
				CLANG_ENABLE_OBJC_ARC = YES;
				CLANG_ENABLE_OBJC_WEAK = YES;
				CLANG_WARN_BLOCK_CAPTURE_AUTORELEASING = YES;
				CLANG_WARN_BOOL_CONVERSION = YES;
				CLANG_WARN_COMMA = YES;
				CLANG_WARN_CONSTANT_CONVERSION = YES;
				CLANG_WARN_DEPRECATED_OBJC_IMPLEMENTATIONS = YES;
				CLANG_WARN_DIRECT_OBJC_ISA_USAGE = YES_ERROR;
				CLANG_WARN_DOCUMENTATION_COMMENTS = YES;
				CLANG_WARN_EMPTY_BODY = YES;
				CLANG_WARN_ENUM_CONVERSION = YES;
				CLANG_WARN_INFINITE_RECURSION = YES;
				CLANG_WARN_INT_CONVERSION = YES;
				CLANG_WARN_NON_LITERAL_NULL_CONVERSION = YES;
				CLANG_WARN_OBJC_IMPLICIT_RETAIN_CYCLE = YES;
				CLANG_WARN_OBJC_LITERAL_CONVERSION = YES;
				CLANG_WARN_OBJC_ROOT_CLASS = YES_ERROR;
				CLANG_WARN_QUOTED_INCLUDE_IN_FRAMEWORK_HEADER = YES;
				CLANG_WARN_RANGE_LOOP_ANALYSIS = YES;
				CLANG_WARN_STRICT_PROTOTYPES = YES;
				CLANG_WARN_SUSPICIOUS_MOVE = YES;
				CLANG_WARN_UNGUARDED_AVAILABILITY = YES_AGGRESSIVE;
				CLANG_WARN_UNREACHABLE_CODE = YES;
				CLANG_WARN__DUPLICATE_METHOD_MATCH = YES;
				COPY_PHASE_STRIP = NO;
				DEBUG_INFORMATION_FORMAT = "dwarf-with-dsym";
				ENABLE_NS_ASSERTIONS = NO;
				ENABLE_STRICT_OBJC_MSGSEND = YES;
				ENABLE_USER_SCRIPT_SANDBOXING = YES;
				GCC_C_LANGUAGE_STANDARD = gnu17;
				GCC_NO_COMMON_BLOCKS = YES;
				GCC_WARN_64_TO_32_BIT_CONVERSION = YES;
				GCC_WARN_ABOUT_RETURN_TYPE = YES_ERROR;
				GCC_WARN_UNDECLARED_SELECTOR = YES;
				GCC_WARN_UNINITIALIZED_AUTOS = YES_AGGRESSIVE;
				GCC_WARN_UNUSED_FUNCTION = YES;
				GCC_WARN_UNUSED_VARIABLE = YES;
				IPHONEOS_DEPLOYMENT_TARGET = 16.0;
				MTL_FAST_MATH = YES;
				SDKROOT = iphoneos;
				SWIFT_COMPILATION_MODE = wholemodule;
				SWIFT_OPTIMIZATION_LEVEL = "-O";
				VALIDATE_PRODUCT = YES;
			};
			name = Release;
		};
		AA0000000000000000000042 /* Debug */ = {
			isa = XCBuildConfiguration;
			buildSettings = {
				ASSETCATALOG_COMPILER_APPICON_NAME = AppIcon;
				ASSETCATALOG_COMPILER_GLOBAL_ACCENT_COLOR_NAME = AccentColor;
				CODE_SIGN_ENTITLEMENTS = LifeTimer/LifeTimer.entitlements;
				CODE_SIGN_STYLE = Automatic;
				CURRENT_PROJECT_VERSION = 1;
				DEVELOPMENT_ASSET_PATHS = "\"LifeTimer/Preview Content\"";
				ENABLE_PREVIEWS = YES;
				GENERATE_INFOPLIST_FILE = YES;
				INFOPLIST_KEY_CFBundleDisplayName = Balance;
				INFOPLIST_KEY_UIApplicationSceneManifest_Generation = YES;
				INFOPLIST_KEY_UIApplicationSupportsIndirectInputEvents = YES;
				INFOPLIST_KEY_UILaunchScreen_Generation = YES;
				INFOPLIST_KEY_UISupportedInterfaceOrientations_iPad = "UIInterfaceOrientationPortrait UIInterfaceOrientationPortraitUpsideDown UIInterfaceOrientationLandscapeLeft UIInterfaceOrientationLandscapeRight";
				INFOPLIST_KEY_UISupportedInterfaceOrientations_iPhone = "UIInterfaceOrientationPortrait UIInterfaceOrientationLandscapeLeft UIInterfaceOrientationLandscapeRight";
				IPHONEOS_DEPLOYMENT_TARGET = 16.0;
				LD_RUNPATH_SEARCH_PATHS = (
					"$(inherited)",
					"@executable_path/Frameworks",
				);
				MARKETING_VERSION = 1.0;
				PRODUCT_BUNDLE_IDENTIFIER = com.stageX.balance;
				PRODUCT_NAME = "$(TARGET_NAME)";
				SWIFT_EMIT_LOC_STRINGS = YES;
				SWIFT_VERSION = 5.0;
				TARGETED_DEVICE_FAMILY = "1,2";
			};
			name = Debug;
		};
		AA0000000000000000000043 /* Release */ = {
			isa = XCBuildConfiguration;
			buildSettings = {
				ASSETCATALOG_COMPILER_APPICON_NAME = AppIcon;
				ASSETCATALOG_COMPILER_GLOBAL_ACCENT_COLOR_NAME = AccentColor;
				CODE_SIGN_ENTITLEMENTS = LifeTimer/LifeTimer.entitlements;
				CODE_SIGN_STYLE = Automatic;
				CURRENT_PROJECT_VERSION = 1;
				DEVELOPMENT_ASSET_PATHS = "\"LifeTimer/Preview Content\"";
				ENABLE_PREVIEWS = YES;
				GENERATE_INFOPLIST_FILE = YES;
				INFOPLIST_KEY_CFBundleDisplayName = Balance;
				INFOPLIST_KEY_UIApplicationSceneManifest_Generation = YES;
				INFOPLIST_KEY_UIApplicationSupportsIndirectInputEvents = YES;
				INFOPLIST_KEY_UILaunchScreen_Generation = YES;
				INFOPLIST_KEY_UISupportedInterfaceOrientations_iPad = "UIInterfaceOrientationPortrait UIInterfaceOrientationPortraitUpsideDown UIInterfaceOrientationLandscapeLeft UIInterfaceOrientationLandscapeRight";
				INFOPLIST_KEY_UISupportedInterfaceOrientations_iPhone = "UIInterfaceOrientationPortrait UIInterfaceOrientationLandscapeLeft UIInterfaceOrientationLandscapeRight";
				IPHONEOS_DEPLOYMENT_TARGET = 16.0;
				LD_RUNPATH_SEARCH_PATHS = (
					"$(inherited)",
					"@executable_path/Frameworks",
				);
				MARKETING_VERSION = 1.0;
				PRODUCT_BUNDLE_IDENTIFIER = com.stageX.balance;
				PRODUCT_NAME = "$(TARGET_NAME)";
				SWIFT_EMIT_LOC_STRINGS = YES;
				SWIFT_VERSION = 5.0;
				TARGETED_DEVICE_FAMILY = "1,2";
			};
			name = Release;
		};
		EA2FCDF9BB118157D182F34C /* Release */ = {
			isa = XCBuildConfiguration;
			buildSettings = {
				ASSETCATALOG_COMPILER_GLOBAL_ACCENT_COLOR_NAME = AccentColor;
				CODE_SIGN_ENTITLEMENTS = LifeTimerWidget/LifeTimerWidget.entitlements;
				CODE_SIGN_STYLE = Automatic;
				CURRENT_PROJECT_VERSION = 1;
				GENERATE_INFOPLIST_FILE = NO;
				INFOPLIST_FILE = LifeTimerWidget/Info.plist;
				IPHONEOS_DEPLOYMENT_TARGET = 16.0;
				LD_RUNPATH_SEARCH_PATHS = (
					"$(inherited)",
					"@executable_path/../../Frameworks",
					"@executable_path/Frameworks",
				);
				MARKETING_VERSION = 1.0;
				PRODUCT_BUNDLE_IDENTIFIER = com.stageX.balance.widget;
				PRODUCT_NAME = "$(TARGET_NAME)";
				SDKROOT = iphoneos;
				SWIFT_EMIT_LOC_STRINGS = YES;
				SWIFT_VERSION = 5.0;
				TARGETED_DEVICE_FAMILY = "1,2";
				VALIDATE_PRODUCT = YES;
			};
			name = Release;
		};
/* End XCBuildConfiguration section */

/* Begin XCConfigurationList section */
		1AD327DD7D3CCC4F2794142F /* Build configuration list for PBXNativeTarget "LifeTimerWidget" */ = {
			isa = XCConfigurationList;
			buildConfigurations = (
				EA2FCDF9BB118157D182F34C /* Release */,
				766E23262F57DECE593BF984 /* Debug */,
			);
			defaultConfigurationIsVisible = 0;
			defaultConfigurationName = Release;
		};
		AA0000000000000000000044 /* Build configuration list for PBXProject "LifeTimer" */ = {
			isa = XCConfigurationList;
			buildConfigurations = (
				AA0000000000000000000040 /* Debug */,
				AA0000000000000000000041 /* Release */,
			);
			defaultConfigurationIsVisible = 0;
			defaultConfigurationName = Release;
		};
		AA0000000000000000000045 /* Build configuration list for PBXNativeTarget "LifeTimer" */ = {
			isa = XCConfigurationList;
			buildConfigurations = (
				AA0000000000000000000042 /* Debug */,
				AA0000000000000000000043 /* Release */,
			);
			defaultConfigurationIsVisible = 0;
			defaultConfigurationName = Release;
		};
/* End XCConfigurationList section */
	};
	rootObject = AA0000000000000000000001 /* Project object */;
}
